{
  "requires": true,
  "lockfileVersion": 1,
  "dependencies": {
    "postscribe": {
      "version": "2.0.8",
      "resolved": "https://registry.npmjs.org/postscribe/-/postscribe-2.0.8.tgz",
      "integrity": "sha1-W3pTqtS2kLbC91gY/O/nRJD0ENU=",
      "requires": {
        "prescribe": ">=1.1.2"
      }
    },
    "prescribe": {
      "version": "1.1.3",
      "resolved": "https://registry.npmjs.org/prescribe/-/prescribe-1.1.3.tgz",
      "integrity": "sha1-jTEiRF8/uvTExYF+pSehf8gTnuY="
    }
  }
}
